experiment_id: sunray150_complete_system_battery_low_sysblock
scene_id: system_battery_low
controller_id: awff_complete_system
priority: P1-B
evidence_level: real_sysplorer_mcp_complete_system_battery_low
quality_profile: system_mode

model:
  source_package: QuadrotorExperiments
  model_name: QuadrotorExperiments.Sunray150CompleteSystemBatteryLowSysblock
  model_path_hint: models/QuadrotorExperiments/package.mo
  base_model_path_hint: QuadrotorModel/package.mo
  official_description: Sunray150 complete system with battery voltage margin dropping below return threshold
  extra_model_files:
    - models/QuadrotorControllerBlocks/AWFF_FullControllerEquation_Sysblock.mo

controller:
  replacement_component: controller
  require_baseline_improvement: false

simulation:
  start_time_s: 0.0
  stop_time_s: 1.0
  step_size_s: 0.01
  solver: Dassl
  tolerance: 0.0001

reference:
  type: complete_system_power_failsafe
  battery_voltage_drop_per_second: 8.0

result:
  raw_file: results/system/battery_low/sunray150_complete_system_battery_low_sysblock/raw/sunray150_complete_system_battery_low_sysblock.csv
  metrics_file: results/system/battery_low/sunray150_complete_system_battery_low_sysblock/metrics/sunray150_complete_system_battery_low_sysblock.json
  figure_dir: results/system/battery_low/sunray150_complete_system_battery_low_sysblock/figures
  replay_file: results/system/battery_low/sunray150_complete_system_battery_low_sysblock/replay/sunray150_complete_system_battery_low_sysblock.json
  event_log_file: results/system/battery_low/sunray150_complete_system_battery_low_sysblock/events/event_log.json
  mcp_log: results/system/battery_low/sunray150_complete_system_battery_low_sysblock/logs/sysplorer_sunray150_complete_system_battery_low_sysblock_20260515.jsonl
  variable_overrides:
    x: airframe.position[1]
    y: airframe.position[2]
    z: airframe.position[3]
    x_ref: mission_computer.reference_position[1]
    y_ref: mission_computer.reference_position[2]
    z_ref: mission_computer.reference_position[3]
    roll: airframe.attitude[1]
    pitch: airframe.attitude[2]
    yaw: airframe.attitude[3]
    u1: controller.motor_command[1]
    u2: controller.motor_command[2]
    u3: controller.motor_command[3]
    u4: controller.motor_command[4]
  extra_variables:
    battery_voltage: system_battery_voltage
    voltage_margin: system_voltage_margin
    battery_low_active: system_battery_low_active
    esc_saturation_ratio: system_esc_saturation_ratio
    flight_mode: system_flight_mode
    active_setpoint_source: system_failsafe_source_code
    safety_status: system_failsafe_status_code
    event_code: system_failsafe_event_code
    system_supervisor_keepalive: system_supervisor_keepalive
