experiment_id: official_example3_awff_sysblock
scene_id: official_example3
controller_id: awff_sysblock
priority: P1
evidence_level: real_sysplorer_mcp_sysblock_closed_loop_full

model:
  source_package: QuadrotorExperiments
  model_name: QuadrotorExperiments.Example3AWFFSysblockClosedLoop
  model_path_hint: models/QuadrotorExperiments/Example3AWFFSysblockClosedLoop.mo
  base_model_path_hint: QuadrotorModel/package.mo
  official_description: 8字形运动 Sysblock AWFF closed-loop full validation

controller:
  params_file: controllers/awff_sysblock/default.yaml
  replacement_component: controller3_2
  sysblock_controller_file: models/QuadrotorControllerBlocks/AWFF_FullControllerEquation_Sysblock.mo

simulation:
  start_time_s: 0.0
  stop_time_s: 120.0
  step_size_s: 0.01
  solver: Dassl
  tolerance: 0.0001

reference:
  type: official_eight_path
  file: results/raw/reference_official_example3.csv

result:
  raw_file: results/raw/official_example3_awff_sysblock.csv
  metrics_file: results/metrics/official_example3_awff_sysblock.json
  figure_dir: results/figures/official/example3_figure8/awff_sysblock
  replay_file: results/replay/official_example3_awff_sysblock.json
  mcp_log: results/test_reports/sysplorer_example3_awff_sysblock_full_20260510.jsonl
