experiment_id: official_example2_linear_mpc_sysblock
scene_id: official_example2
controller_id: linear_mpc_sysblock
priority: P1
evidence_level: real_sysplorer_mcp_sysblock_linear_mpc_helix_full

model:
  source_package: QuadrotorExperiments
  model_name: QuadrotorExperiments.Example2LinearMPCSysblockClosedLoop
  model_path_hint: models/QuadrotorExperiments/Example2LinearMPCSysblockClosedLoop.mo
  base_model_path_hint: QuadrotorModel/package.mo
  official_description: 螺旋爬升 linear MPC-style outer loop + INDI-like attitude Sysblock full validation

controller:
  params_file: controllers/linear_mpc_sysblock/default.yaml
  replacement_component: controller3_2
  baseline_experiment: official_example2_awff_indi_sysblock_helix_tuned
  sysblock_controller_file: models/QuadrotorControllerBlocks/AWFF_LinearMPCOuterLoopControllerEquation_Sysblock.mo

simulation:
  start_time_s: 0.0
  stop_time_s: 50.0
  step_size_s: 0.01
  solver: Dassl
  tolerance: 0.0001

reference:
  type: official_circle_path
  file: results/official/example2_helix/reference_official_example2/raw/reference_official_example2.csv
result:
  raw_file: results/official/example2_helix/official_example2_linear_mpc_sysblock/raw/official_example2_linear_mpc_sysblock.csv
  metrics_file: results/official/example2_helix/official_example2_linear_mpc_sysblock/metrics/official_example2_linear_mpc_sysblock.json
  figure_dir: results/official/example2_helix/official_example2_linear_mpc_sysblock/figures
  replay_file: results/official/example2_helix/official_example2_linear_mpc_sysblock/replay/official_example2_linear_mpc_sysblock.json
  mcp_log: results/official/example2_helix/official_example2_linear_mpc_sysblock/logs/sysplorer_example2_linear_mpc_sysblock_full_20260512.jsonl
