experiment_id: official_example1_awff_sysblock
scene_id: official_example1
controller_id: awff_sysblock
priority: P1
evidence_level: real_sysplorer_mcp_sysblock_closed_loop_full

model:
  source_package: QuadrotorExperiments
  model_name: QuadrotorExperiments.Example1AWFFSysblockClosedLoop
  model_path_hint: models/QuadrotorExperiments/Example1AWFFSysblockClosedLoop.mo
  base_model_path_hint: QuadrotorModel/package.mo
  official_description: 阶梯爬升 Sysblock AWFF closed-loop full validation

controller:
  params_file: controllers/awff_sysblock/default.yaml
  replacement_component: controller3_2
  sysblock_controller_file: models/QuadrotorControllerBlocks/AWFF_FullControllerEquation_Sysblock.mo

simulation:
  start_time_s: 0.0
  stop_time_s: 50.0
  step_size_s: 0.01
  solver: Dassl
  tolerance: 0.0001

reference:
  type: official_climb_path
  file: results/official/example1_step/reference_official_example1/raw/reference_official_example1.csv
result:
  raw_file: results/official/example1_step/official_example1_awff_sysblock/raw/official_example1_awff_sysblock.csv
  metrics_file: results/official/example1_step/official_example1_awff_sysblock/metrics/official_example1_awff_sysblock.json
  figure_dir: results/official/example1_step/official_example1_awff_sysblock/figures
  replay_file: results/official/example1_step/official_example1_awff_sysblock/replay/official_example1_awff_sysblock.json
  mcp_log: results/official/example1_step/official_example1_awff_sysblock/logs/sysplorer_example1_awff_sysblock_full_20260510.jsonl
