experiment_id: official_example1_l1_residual_sysblock
scene_id: official_example1
controller_id: l1_residual_sysblock
priority: P1
evidence_level: real_sysplorer_mcp_sysblock_l1_residual_full

model:
  source_package: QuadrotorExperiments
  model_name: QuadrotorExperiments.Example1L1SysblockClosedLoop
  model_path_hint: models/QuadrotorExperiments/Example1L1SysblockClosedLoop.mo
  base_model_path_hint: QuadrotorModel/package.mo
  official_description: 阶梯爬升 AWFF + L1-inspired residual Sysblock full validation

controller:
  params_file: controllers/l1_residual_sysblock/default.yaml
  replacement_component: controller3_2
  sysblock_controller_file: models/QuadrotorControllerBlocks/AWFF_L1ResidualControllerEquation_Sysblock.mo

simulation:
  start_time_s: 0.0
  stop_time_s: 50.0
  step_size_s: 0.01
  solver: Dassl
  tolerance: 0.0001

reference:
  type: official_climb_path
  file: results/official/example1_step/raw/reference_official_example1.csv

result:
  raw_file: results/official/example1_step/raw/official_example1_l1_residual_sysblock.csv
  metrics_file: results/official/example1_step/metrics/official_example1_l1_residual_sysblock.json
  figure_dir: results/official/example1_step/figures/l1_residual_sysblock
  replay_file: results/official/example1_step/replay/official_example1_l1_residual_sysblock.json
  mcp_log: results/official/example1_step/logs/sysplorer_example1_l1_residual_sysblock_full_20260510.jsonl
