experiment_id: robust_mass20_example1_awff_sysblock
scene_id: robust_mass20_example1
controller_id: awff_sysblock
priority: P1
evidence_level: real_sysplorer_mcp_sysblock_robust_mass20_ablation

model:
  source_package: QuadrotorExperiments
  model_name: QuadrotorExperiments.Example1Mass20AWFFSysblockClosedLoop
  model_path_hint: models/QuadrotorExperiments/Example1Mass20AWFFSysblockClosedLoop.mo
  base_model_path_hint: QuadrotorModel/package.mo
  official_description: 阶梯爬升 +20% 机体质量摄动 AWFF Sysblock

controller:
  params_file: controllers/awff_sysblock/default.yaml
  replacement_component: controller3_2
  baseline_experiment: robust_mass20_example1_pid_baseline
  sysblock_controller_file: models/QuadrotorControllerBlocks/AWFF_FullControllerEquation_Sysblock.mo

disturbance:
  type: mass_parameter_perturbation
  target_component: quadChassisTest17_1.body.m
  nominal_value_kg: 0.159504
  perturbed_value_kg: 0.191405
  perturbation_pct: 20.0
  purpose: payload_uncertainty_and_model_parameter_robustness

simulation:
  start_time_s: 0.0
  stop_time_s: 50.0
  step_size_s: 0.01
  solver: Dassl
  tolerance: 0.0001

reference:
  type: official_climb_path
  file: results/raw/reference_official_example1.csv

result:
  raw_file: results/raw/robust_mass20_example1_awff_sysblock.csv
  metrics_file: results/metrics/robust_mass20_example1_awff_sysblock.json
  figure_dir: results/figures/robustness/mass20_example1/awff_sysblock
  replay_file: results/replay/robust_mass20_example1_awff_sysblock.json
  mcp_log: results/test_reports/sysplorer_robust_mass20_example1_awff_sysblock_20260510.jsonl
